
Microsoft Visual Studio Solution File, Format Version 12.00
# Visual Studio Version 17
VisualStudioVersion = 17.2.32630.192
MinimumVisualStudioVersion = 10.0.40219.1
Project("{9A19103F-16F7-4668-BE54-9A1E7A4F7556}") = "ElectroformLite.Domain", "ElectroformLite.Domain\ElectroformLite.Domain.csproj", "{FFD97285-F2A9-4B8D-8885-3CA8EB771C93}"
EndProject
Project("{9A19103F-16F7-4668-BE54-9A1E7A4F7556}") = "ElectroformLite.Application", "ElectroformLite.Application\ElectroformLite.Application.csproj", "{189049BA-3C30-4672-A4B0-5A0B34661D4F}"
EndProject
Project("{9A19103F-16F7-4668-BE54-9A1E7A4F7556}") = "ElectroformLite.Infrastructure", "ElectroformLite.Infrastructure\ElectroformLite.Infrastructure.csproj", "{70F6EA90-376A-4790-82BF-C69B2764F371}"
EndProject
Project("{9A19103F-16F7-4668-BE54-9A1E7A4F7556}") = "ElectroformLite.API", "ElectroformLite.API\ElectroformLite.API.csproj", "{67D76AD0-2374-4CDF-927B-E6EB2BEC9539}"
	ProjectSection(ProjectDependencies) = postProject
		{189049BA-3C30-4672-A4B0-5A0B34661D4F} = {189049BA-3C30-4672-A4B0-5A0B34661D4F}
		{70F6EA90-376A-4790-82BF-C69B2764F371} = {70F6EA90-376A-4790-82BF-C69B2764F371}
	EndProjectSection
EndProject
Project("{9A19103F-16F7-4668-BE54-9A1E7A4F7556}") = "ElectroformLite.Tests", "ElectroformLite.Tests\ElectroformLite.Tests.csproj", "{3DC45640-8640-4338-8949-F4E7EB6910A8}"
	ProjectSection(ProjectDependencies) = postProject
		{189049BA-3C30-4672-A4B0-5A0B34661D4F} = {189049BA-3C30-4672-A4B0-5A0B34661D4F}
	EndProjectSection
EndProject
Project("{9A19103F-16F7-4668-BE54-9A1E7A4F7556}") = "ElectroformLite.APITests", "ElectroformLite.APITests\ElectroformLite.APITests.csproj", "{85CC8B0C-81AA-4442-B97E-4A12BFEB5BA1}"
EndProject
Project("{FAE04EC0-301F-11D3-BF4B-00C04F79EFBC}") = "ElectroformLite.IntegrationTests", "ElectroformLite.IntegrationTests\ElectroformLite.IntegrationTests.csproj", "{1EC3C2B4-A3EC-43D3-8B40-2BED7108ACFD}"
EndProject
Global
	GlobalSection(SolutionConfigurationPlatforms) = preSolution
		Debug|Any CPU = Debug|Any CPU
		Release|Any CPU = Release|Any CPU
	EndGlobalSection
	GlobalSection(ProjectConfigurationPlatforms) = postSolution
		{FFD97285-F2A9-4B8D-8885-3CA8EB771C93}.Debug|Any CPU.ActiveCfg = Debug|Any CPU
		{FFD97285-F2A9-4B8D-8885-3CA8EB771C93}.Debug|Any CPU.Build.0 = Debug|Any CPU
		{FFD97285-F2A9-4B8D-8885-3CA8EB771C93}.Release|Any CPU.ActiveCfg = Release|Any CPU
		{FFD97285-F2A9-4B8D-8885-3CA8EB771C93}.Release|Any CPU.Build.0 = Release|Any CPU
		{189049BA-3C30-4672-A4B0-5A0B34661D4F}.Debug|Any CPU.ActiveCfg = Debug|Any CPU
		{189049BA-3C30-4672-A4B0-5A0B34661D4F}.Debug|Any CPU.Build.0 = Debug|Any CPU
		{189049BA-3C30-4672-A4B0-5A0B34661D4F}.Release|Any CPU.ActiveCfg = Release|Any CPU
		{189049BA-3C30-4672-A4B0-5A0B34661D4F}.Release|Any CPU.Build.0 = Release|Any CPU
		{70F6EA90-376A-4790-82BF-C69B2764F371}.Debug|Any CPU.ActiveCfg = Debug|Any CPU
		{70F6EA90-376A-4790-82BF-C69B2764F371}.Debug|Any CPU.Build.0 = Debug|Any CPU
		{70F6EA90-376A-4790-82BF-C69B2764F371}.Release|Any CPU.ActiveCfg = Release|Any CPU
		{70F6EA90-376A-4790-82BF-C69B2764F371}.Release|Any CPU.Build.0 = Release|Any CPU
		{67D76AD0-2374-4CDF-927B-E6EB2BEC9539}.Debug|Any CPU.ActiveCfg = Debug|Any CPU
		{67D76AD0-2374-4CDF-927B-E6EB2BEC9539}.Debug|Any CPU.Build.0 = Debug|Any CPU
		{67D76AD0-2374-4CDF-927B-E6EB2BEC9539}.Release|Any CPU.ActiveCfg = Release|Any CPU
		{67D76AD0-2374-4CDF-927B-E6EB2BEC9539}.Release|Any CPU.Build.0 = Release|Any CPU
		{3DC45640-8640-4338-8949-F4E7EB6910A8}.Debug|Any CPU.ActiveCfg = Debug|Any CPU
		{3DC45640-8640-4338-8949-F4E7EB6910A8}.Debug|Any CPU.Build.0 = Debug|Any CPU
		{3DC45640-8640-4338-8949-F4E7EB6910A8}.Release|Any CPU.ActiveCfg = Release|Any CPU
		{3DC45640-8640-4338-8949-F4E7EB6910A8}.Release|Any CPU.Build.0 = Release|Any CPU
		{85CC8B0C-81AA-4442-B97E-4A12BFEB5BA1}.Debug|Any CPU.ActiveCfg = Debug|Any CPU
		{85CC8B0C-81AA-4442-B97E-4A12BFEB5BA1}.Debug|Any CPU.Build.0 = Debug|Any CPU
		{85CC8B0C-81AA-4442-B97E-4A12BFEB5BA1}.Release|Any CPU.ActiveCfg = Release|Any CPU
		{85CC8B0C-81AA-4442-B97E-4A12BFEB5BA1}.Release|Any CPU.Build.0 = Release|Any CPU
		{1EC3C2B4-A3EC-43D3-8B40-2BED7108ACFD}.Debug|Any CPU.ActiveCfg = Debug|Any CPU
		{1EC3C2B4-A3EC-43D3-8B40-2BED7108ACFD}.Debug|Any CPU.Build.0 = Debug|Any CPU
		{1EC3C2B4-A3EC-43D3-8B40-2BED7108ACFD}.Release|Any CPU.ActiveCfg = Release|Any CPU
		{1EC3C2B4-A3EC-43D3-8B40-2BED7108ACFD}.Release|Any CPU.Build.0 = Release|Any CPU
	EndGlobalSection
	GlobalSection(SolutionProperties) = preSolution
		HideSolutionNode = FALSE
	EndGlobalSection
	GlobalSection(ExtensibilityGlobals) = postSolution
		SolutionGuid = {A0D5CD62-ABF9-40D9-AF90-B96A66F657F3}
	EndGlobalSection
EndGlobal
