
Microsoft Visual Studio Solution File, Format Version 12.00
# Visual Studio Version 17
VisualStudioVersion = 17.2.32630.192
MinimumVisualStudioVersion = 10.0.40219.1
Project("{9A19103F-16F7-4668-BE54-9A1E7A4F7556}") = "ElectroformLite.Domain", "ElectroformLite.Domain\ElectroformLite.Domain.csproj", "{FFD97285-F2A9-4B8D-8885-3CA8EB771C93}"
EndProject
Project("{9A19103F-16F7-4668-BE54-9A1E7A4F7556}") = "ElectroformLite.Console", "ElectroformLite.Console\ElectroformLite.Console.csproj", "{EF069456-D440-4BEE-91BF-CAF9ADF7D408}"
	ProjectSection(ProjectDependencies) = postProject
		{3A6E3A72-12DE-4DB4-A8E1-759379684575} = {3A6E3A72-12DE-4DB4-A8E1-759379684575}
		{FFD97285-F2A9-4B8D-8885-3CA8EB771C93} = {FFD97285-F2A9-4B8D-8885-3CA8EB771C93}
	EndProjectSection
EndProject
Project("{FAE04EC0-301F-11D3-BF4B-00C04F79EFBC}") = "ElectroformLite.ClassDiagram", "ElectroformLite.ClassDiagram\ElectroformLite.ClassDiagram.csproj", "{3A6E3A72-12DE-4DB4-A8E1-759379684575}"
EndProject
Global
	GlobalSection(SolutionConfigurationPlatforms) = preSolution
		Debug|Any CPU = Debug|Any CPU
		Release|Any CPU = Release|Any CPU
	EndGlobalSection
	GlobalSection(ProjectConfigurationPlatforms) = postSolution
		{FFD97285-F2A9-4B8D-8885-3CA8EB771C93}.Debug|Any CPU.ActiveCfg = Debug|Any CPU
		{FFD97285-F2A9-4B8D-8885-3CA8EB771C93}.Debug|Any CPU.Build.0 = Debug|Any CPU
		{FFD97285-F2A9-4B8D-8885-3CA8EB771C93}.Release|Any CPU.ActiveCfg = Release|Any CPU
		{FFD97285-F2A9-4B8D-8885-3CA8EB771C93}.Release|Any CPU.Build.0 = Release|Any CPU
		{EF069456-D440-4BEE-91BF-CAF9ADF7D408}.Debug|Any CPU.ActiveCfg = Debug|Any CPU
		{EF069456-D440-4BEE-91BF-CAF9ADF7D408}.Debug|Any CPU.Build.0 = Debug|Any CPU
		{EF069456-D440-4BEE-91BF-CAF9ADF7D408}.Release|Any CPU.ActiveCfg = Release|Any CPU
		{EF069456-D440-4BEE-91BF-CAF9ADF7D408}.Release|Any CPU.Build.0 = Release|Any CPU
		{3A6E3A72-12DE-4DB4-A8E1-759379684575}.Debug|Any CPU.ActiveCfg = Debug|Any CPU
		{3A6E3A72-12DE-4DB4-A8E1-759379684575}.Debug|Any CPU.Build.0 = Debug|Any CPU
		{3A6E3A72-12DE-4DB4-A8E1-759379684575}.Release|Any CPU.ActiveCfg = Release|Any CPU
		{3A6E3A72-12DE-4DB4-A8E1-759379684575}.Release|Any CPU.Build.0 = Release|Any CPU
	EndGlobalSection
	GlobalSection(SolutionProperties) = preSolution
		HideSolutionNode = FALSE
	EndGlobalSection
	GlobalSection(ExtensibilityGlobals) = postSolution
		SolutionGuid = {A0D5CD62-ABF9-40D9-AF90-B96A66F657F3}
	EndGlobalSection
EndGlobal
